
Microsoft Visual Studio Solution File, Format Version 12.00
# Visual Studio Version 17
VisualStudioVersion = 17.0.31919.166
MinimumVisualStudioVersion = 10.0.40219.1
Project("{FAE04EC0-301F-11D3-BF4B-00C04F79EFBC}") = "Lab1a", "Lab1a\Lab1a.csproj", "{99EEC525-1A4D-4F6F-A0C8-3943073BD8BF}"
EndProject
Global
	GlobalSection(SolutionConfigurationPlatforms) = preSolution
		Debug|Any CPU = Debug|Any CPU
		Release|Any CPU = Release|Any CPU
	EndGlobalSection
	GlobalSection(ProjectConfigurationPlatforms) = postSolution
		{99EEC525-1A4D-4F6F-A0C8-3943073BD8BF}.Debug|Any CPU.ActiveCfg = Debug|Any CPU
		{99EEC525-1A4D-4F6F-A0C8-3943073BD8BF}.Debug|Any CPU.Build.0 = Debug|Any CPU
		{99EEC525-1A4D-4F6F-A0C8-3943073BD8BF}.Release|Any CPU.ActiveCfg = Release|Any CPU
		{99EEC525-1A4D-4F6F-A0C8-3943073BD8BF}.Release|Any CPU.Build.0 = Release|Any CPU
	EndGlobalSection
	GlobalSection(SolutionProperties) = preSolution
		HideSolutionNode = FALSE
	EndGlobalSection
	GlobalSection(ExtensibilityGlobals) = postSolution
		SolutionGuid = {044A136D-125B-4725-B474-D1BCB5E8A212}
	EndGlobalSection
EndGlobal
